// !$*UTF8*$!
{
	archiveVersion = 1;
	classes = {
	};
	objectVersion = 50;
	objects = {

/* Begin PBXBuildFile section */
		229CC14A26BAC6B70070FB8C /* AppDelegate.swift in Sources */ = {isa = PBXBuildFile; fileRef = 229CC14926BAC6B70070FB8C /* AppDelegate.swift */; };
		229CC14C26BAC6B70070FB8C /* SceneDelegate.swift in Sources */ = {isa = PBXBuildFile; fileRef = 229CC14B26BAC6B70070FB8C /* SceneDelegate.swift */; };
		229CC14E26BAC6B70070FB8C /* ViewController.swift in Sources */ = {isa = PBXBuildFile; fileRef = 229CC14D26BAC6B70070FB8C /* ViewController.swift */; };
		229CC15126BAC6B70070FB8C /* Main.storyboard in Resources */ = {isa = PBXBuildFile; fileRef = 229CC14F26BAC6B70070FB8C /* Main.storyboard */; };
		229CC15326BAC6BA0070FB8C /* Assets.xcassets in Resources */ = {isa = PBXBuildFile; fileRef = 229CC15226BAC6BA0070FB8C /* Assets.xcassets */; };
		229CC15626BAC6BA0070FB8C /* LaunchScreen.storyboard in Resources */ = {isa = PBXBuildFile; fileRef = 229CC15426BAC6BA0070FB8C /* LaunchScreen.storyboard */; };
		229CC15E26BAC8560070FB8C /* Inceptionv3.mlmodel in Sources */ = {isa = PBXBuildFile; fileRef = 229CC15D26BAC8560070FB8C /* Inceptionv3.mlmodel */; };
/* End PBXBuildFile section */

/* Begin PBXFileReference section */
		229CC14626BAC6B70070FB8C /* ios13-SeeFood-CoreML.app */ = {isa = PBXFileReference; explicitFileType = wrapper.application; includeInIndex = 0; path = "ios13-SeeFood-CoreML.app"; sourceTree = BUILT_PRODUCTS_DIR; };
		229CC14926BAC6B70070FB8C /* AppDelegate.swift */ = {isa = PBXFileReference; lastKnownFileType = sourcecode.swift; path = AppDelegate.swift; sourceTree = "<group>"; };
		229CC14B26BAC6B70070FB8C /* SceneDelegate.swift */ = {isa = PBXFileReference; lastKnownFileType = sourcecode.swift; path = SceneDelegate.swift; sourceTree = "<group>"; };
		229CC14D26BAC6B70070FB8C /* ViewController.swift */ = {isa = PBXFileReference; lastKnownFileType = sourcecode.swift; path = ViewController.swift; sourceTree = "<group>"; };
		229CC15026BAC6B70070FB8C /* Base */ = {isa = PBXFileReference; lastKnownFileType = file.storyboard; name = Base; path = Base.lproj/Main.storyboard; sourceTree = "<group>"; };
		229CC15226BAC6BA0070FB8C /* Assets.xcassets */ = {isa = PBXFileReference; lastKnownFileType = folder.assetcatalog; path = Assets.xcassets; sourceTree = "<group>"; };
		229CC15526BAC6BA0070FB8C /* Base */ = {isa = PBXFileReference; lastKnownFileType = file.storyboard; name = Base; path = Base.lproj/LaunchScreen.storyboard; sourceTree = "<group>"; };
		229CC15726BAC6BA0070FB8C /* Info.plist */ = {isa = PBXFileReference; lastKnownFileType = text.plist.xml; path = Info.plist; sourceTree = "<group>"; };
		229CC15D26BAC8560070FB8C /* Inceptionv3.mlmodel */ = {isa = PBXFileReference; lastKnownFileType = file.mlmodel; path = Inceptionv3.mlmodel; sourceTree = "<group>"; };
/* End PBXFileReference section */

/* Begin PBXFrameworksBuildPhase section */
		229CC14326BAC6B70070FB8C /* Frameworks */ = {
			isa = PBXFrameworksBuildPhase;
			buildActionMask = 2147483647;
			files = (
			);
			runOnlyForDeploymentPostprocessing = 0;
		};
/* End PBXFrameworksBuildPhase section */

/* Begin PBXGroup section */
		229CC13D26BAC6B70070FB8C = {
			isa = PBXGroup;
			children = (
				229CC14826BAC6B70070FB8C /* ios13-SeeFood-CoreML */,
				229CC14726BAC6B70070FB8C /* Products */,
			);
			sourceTree = "<group>";
		};
		229CC14726BAC6B70070FB8C /* Products */ = {
			isa = PBXGroup;
			children = (
				229CC14626BAC6B70070FB8C /* ios13-SeeFood-CoreML.app */,
			);
			name = Products;
			sourceTree = "<group>";
		};
		229CC14826BAC6B70070FB8C /* ios13-SeeFood-CoreML */ = {
			isa = PBXGroup;
			children = (
				229CC14926BAC6B70070FB8C /* AppDelegate.swift */,
				229CC14B26BAC6B70070FB8C /* SceneDelegate.swift */,
				229CC14D26BAC6B70070FB8C /* ViewController.swift */,
				229CC14F26BAC6B70070FB8C /* Main.storyboard */,
				229CC15226BAC6BA0070FB8C /* Assets.xcassets */,
				229CC15426BAC6BA0070FB8C /* LaunchScreen.storyboard */,
				229CC15D26BAC8560070FB8C /* Inceptionv3.mlmodel */,
				229CC15726BAC6BA0070FB8C /* Info.plist */,
			);
			path = "ios13-SeeFood-CoreML";
			sourceTree = "<group>";
		};
/* End PBXGroup section */

/* Begin PBXNativeTarget section */
		229CC14526BAC6B70070FB8C /* ios13-SeeFood-CoreML */ = {
			isa = PBXNativeTarget;
			buildConfigurationList = 229CC15A26BAC6BA0070FB8C /* Build configuration list for PBXNativeTarget "ios13-SeeFood-CoreML" */;
			buildPhases = (
				229CC14226BAC6B70070FB8C /* Sources */,
				229CC14326BAC6B70070FB8C /* Frameworks */,
				229CC14426BAC6B70070FB8C /* Resources */,
			);
			buildRules = (
			);
			dependencies = (
			);
			name = "ios13-SeeFood-CoreML";
			productName = "ios13-SeeFood-CoreML";
			productReference = 229CC14626BAC6B70070FB8C /* ios13-SeeFood-CoreML.app */;
			productType = "com.apple.product-type.application";
		};
/* End PBXNativeTarget section */

/* Begin PBXProject section */
		229CC13E26BAC6B70070FB8C /* Project object */ = {
			isa = PBXProject;
			attributes = {
				LastSwiftUpdateCheck = 1250;
				LastUpgradeCheck = 1250;
				TargetAttributes = {
					229CC14526BAC6B70070FB8C = {
						CreatedOnToolsVersion = 12.5.1;
					};
				};
			};
			buildConfigurationList = 229CC14126BAC6B70070FB8C /* Build configuration list for PBXProject "ios13-SeeFood-CoreML" */;
			compatibilityVersion = "Xcode 9.3";
			developmentRegion = en;
			hasScannedForEncodings = 0;
			knownRegions = (
				en,
				Base,
			);
			mainGroup = 229CC13D26BAC6B70070FB8C;
			productRefGroup = 229CC14726BAC6B70070FB8C /* Products */;
			projectDirPath = "";
			projectRoot = "";
			targets = (
				229CC14526BAC6B70070FB8C /* ios13-SeeFood-CoreML */,
			);
		};
/* End PBXProject section */

/* Begin PBXResourcesBuildPhase section */
		229CC14426BAC6B70070FB8C /* Resources */ = {
			isa = PBXResourcesBuildPhase;
			buildActionMask = 2147483647;
			files = (
				229CC15626BAC6BA0070FB8C /* LaunchScreen.storyboard in Resources */,
				229CC15326BAC6BA0070FB8C /* Assets.xcassets in Resources */,
				229CC15126BAC6B70070FB8C /* Main.storyboard in Resources */,
			);
			runOnlyForDeploymentPostprocessing = 0;
		};
/* End PBXResourcesBuildPhase section */

/* Begin PBXSourcesBuildPhase section */
		229CC14226BAC6B70070FB8C /* Sources */ = {
			isa = PBXSourcesBuildPhase;
			buildActionMask = 2147483647;
			files = (
				229CC14E26BAC6B70070FB8C /* ViewController.swift in Sources */,
				229CC15E26BAC8560070FB8C /* Inceptionv3.mlmodel in Sources */,
				229CC14A26BAC6B70070FB8C /* AppDelegate.swift in Sources */,
				229CC14C26BAC6B70070FB8C /* SceneDelegate.swift in Sources */,
			);
			runOnlyForDeploymentPostprocessing = 0;
		};
/* End PBXSourcesBuildPhase section */

/* Begin PBXVariantGroup section */
		229CC14F26BAC6B70070FB8C /* Main.storyboard */ = {
			isa = PBXVariantGroup;
			children = (
				229CC15026BAC6B70070FB8C /* Base */,
			);
			name = Main.storyboard;
			sourceTree = "<group>";
		};
		229CC15426BAC6BA0070FB8C /* LaunchScreen.storyboard */ = {
			isa = PBXVariantGroup;
			children = (
				229CC15526BAC6BA0070FB8C /* Base */,
			);
			name = LaunchScreen.storyboard;
			sourceTree = "<group>";
		};
/* End PBXVariantGroup section */

/* Begin XCBuildConfiguration section */
		229CC15826BAC6BA0070FB8C /* Debug */ = {
			isa = XCBuildConfiguration;
			buildSettings = {
				ALWAYS_SEARCH_USER_PATHS = NO;
				CLANG_ANALYZER_NONNULL = YES;
				CLANG_ANALYZER_NUMBER_OBJECT_CONVERSION = YES_AGGRESSIVE;
				CLANG_CXX_LANGUAGE_STANDARD = "gnu++14";
				CLANG_CXX_LIBRARY = "libc++";
				CLANG_ENABLE_MODULES = YES;
				CLANG_ENABLE_OBJC_ARC = YES;
				CLANG_ENABLE_OBJC_WEAK = YES;
				CLANG_WARN_BLOCK_CAPTURE_AUTORELEASING = YES;
				CLANG_WARN_BOOL_CONVERSION = YES;
				CLANG_WARN_COMMA = YES;
				CLANG_WARN_CONSTANT_CONVERSION = YES;
				CLANG_WARN_DEPRECATED_OBJC_IMPLEMENTATIONS = YES;
				CLANG_WARN_DIRECT_OBJC_ISA_USAGE = YES_ERROR;
				CLANG_WARN_DOCUMENTATION_COMMENTS = YES;
				CLANG_WARN_EMPTY_BODY = YES;
				CLANG_WARN_ENUM_CONVERSION = YES;
				CLANG_WARN_INFINITE_RECURSION = YES;
				CLANG_WARN_INT_CONVERSION = YES;
				CLANG_WARN_NON_LITERAL_NULL_CONVERSION = YES;
				CLANG_WARN_OBJC_IMPLICIT_RETAIN_SELF = YES;
				CLANG_WARN_OBJC_LITERAL_CONVERSION = YES;
				CLANG_WARN_OBJC_ROOT_CLASS = YES_ERROR;
				CLANG_WARN_QUOTED_INCLUDE_IN_FRAMEWORK_HEADER = YES;
				CLANG_WARN_RANGE_LOOP_ANALYSIS = YES;
				CLANG_WARN_STRICT_PROTOTYPES = YES;
				CLANG_WARN_SUSPICIOUS_MOVE = YES;
				CLANG_WARN_UNGUARDED_AVAILABILITY = YES_AGGRESSIVE;
				CLANG_WARN_UNREACHABLE_CODE = YES;
				CLANG_WARN__DUPLICATE_METHOD_MATCH = YES;
				COPY_PHASE_STRIP = NO;
				DEBUG_INFORMATION_FORMAT = dwarf;
				ENABLE_STRICT_OBJC_MSGSEND = YES;
				ENABLE_TESTABILITY = YES;
				GCC_C_LANGUAGE_STANDARD = gnu11;
				GCC_DYNAMIC_NO_PIC = NO;
				GCC_NO_COMMON_BLOCKS = YES;
				GCC_OPTIMIZATION_LEVEL = 0;
				GCC_PREPROCESSOR_DEFINITIONS = (
					"DEBUG=1",
					"$(inherited)",
				);
				GCC_WARN_64_TO_32_BIT_CONVERSION = YES;
				GCC_WARN_ABOUT_RETURN_TYPE = YES_ERROR;
				GCC_WARN_UNDECLARED_SELECTOR = YES;
				GCC_WARN_UNINITIALIZED_AUTOS = YES_AGGRESSIVE;
				GCC_WARN_UNUSED_FUNCTION = YES;
				GCC_WARN_UNUSED_VARIABLE = YES;
				IPHONEOS_DEPLOYMENT_TARGET = 14.5;
				MTL_ENABLE_DEBUG_INFO = INCLUDE_SOURCE;
				MTL_FAST_MATH = YES;
				ONLY_ACTIVE_ARCH = YES;
				SDKROOT = iphoneos;
				SWIFT_ACTIVE_COMPILATION_CONDITIONS = DEBUG;
				SWIFT_OPTIMIZATION_LEVEL = "-Onone";
			};
			name = Debug;
		};
		229CC15926BAC6BA0070FB8C /* Release */ = {
			isa = XCBuildConfiguration;
			buildSettings = {
				ALWAYS_SEARCH_USER_PATHS = NO;
				CLANG_ANALYZER_NONNULL = YES;
				CLANG_ANALYZER_NUMBER_OBJECT_CONVERSION = YES_AGGRESSIVE;
				CLANG_CXX_LANGUAGE_STANDARD = "gnu++14";
				CLANG_CXX_LIBRARY = "libc++";
				CLANG_ENABLE_MODULES = YES;
				CLANG_ENABLE_OBJC_ARC = YES;
				CLANG_ENABLE_OBJC_WEAK = YES;
				CLANG_WARN_BLOCK_CAPTURE_AUTORELEASING = YES;
				CLANG_WARN_BOOL_CONVERSION = YES;
				CLANG_WARN_COMMA = YES;
				CLANG_WARN_CONSTANT_CONVERSION = YES;
				CLANG_WARN_DEPRECATED_OBJC_IMPLEMENTATIONS = YES;
				CLANG_WARN_DIRECT_OBJC_ISA_USAGE = YES_ERROR;
				CLANG_WARN_DOCUMENTATION_COMMENTS = YES;
				CLANG_WARN_EMPTY_BODY = YES;
				CLANG_WARN_ENUM_CONVERSION = YES;
				CLANG_WARN_INFINITE_RECURSION = YES;
				CLANG_WARN_INT_CONVERSION = YES;
				CLANG_WARN_NON_LITERAL_NULL_CONVERSION = YES;
				CLANG_WARN_OBJC_IMPLICIT_RETAIN_SELF = YES;
				CLANG_WARN_OBJC_LITERAL_CONVERSION = YES;
				CLANG_WARN_OBJC_ROOT_CLASS = YES_ERROR;
				CLANG_WARN_QUOTED_INCLUDE_IN_FRAMEWORK_HEADER = YES;
				CLANG_WARN_RANGE_LOOP_ANALYSIS = YES;
				CLANG_WARN_STRICT_PROTOTYPES = YES;
				CLANG_WARN_SUSPICIOUS_MOVE = YES;
				CLANG_WARN_UNGUARDED_AVAILABILITY = YES_AGGRESSIVE;
				CLANG_WARN_UNREACHABLE_CODE = YES;
				CLANG_WARN__DUPLICATE_METHOD_MATCH = YES;
				COPY_PHASE_STRIP = NO;
				DEBUG_INFORMATION_FORMAT = "dwarf-with-dsym";
				ENABLE_NS_ASSERTIONS = NO;
				ENABLE_STRICT_OBJC_MSGSEND = YES;
				GCC_C_LANGUAGE_STANDARD = gnu11;
				GCC_NO_COMMON_BLOCKS = YES;
				GCC_WARN_64_TO_32_BIT_CONVERSION = YES;
				GCC_WARN_ABOUT_RETURN_TYPE = YES_ERROR;
				GCC_WARN_UNDECLARED_SELECTOR = YES;
				GCC_WARN_UNINITIALIZED_AUTOS = YES_AGGRESSIVE;
				GCC_WARN_UNUSED_FUNCTION = YES;
				GCC_WARN_UNUSED_VARIABLE = YES;
				IPHONEOS_DEPLOYMENT_TARGET = 14.5;
				MTL_ENABLE_DEBUG_INFO = NO;
				MTL_FAST_MATH = YES;
				SDKROOT = iphoneos;
				SWIFT_COMPILATION_MODE = wholemodule;
				SWIFT_OPTIMIZATION_LEVEL = "-O";
				VALIDATE_PRODUCT = YES;
			};
			name = Release;
		};
		229CC15B26BAC6BA0070FB8C /* Debug */ = {
			isa = XCBuildConfiguration;
			buildSettings = {
				ASSETCATALOG_COMPILER_APPICON_NAME = AppIcon;
				ASSETCATALOG_COMPILER_GLOBAL_ACCENT_COLOR_NAME = AccentColor;
				CODE_SIGN_STYLE = Automatic;
				DEVELOPMENT_TEAM = 6E66L27LG6;
				INFOPLIST_FILE = "ios13-SeeFood-CoreML/Info.plist";
				LD_RUNPATH_SEARCH_PATHS = (
					"$(inherited)",
					"@executable_path/Frameworks",
				);
				PRODUCT_BUNDLE_IDENTIFIER = "com.samiparken.ios13-SeeFood-CoreML";
				PRODUCT_NAME = "$(TARGET_NAME)";
				SWIFT_VERSION = 5.0;
				TARGETED_DEVICE_FAMILY = 1;
			};
			name = Debug;
		};
		229CC15C26BAC6BA0070FB8C /* Release */ = {
			isa = XCBuildConfiguration;
			buildSettings = {
				ASSETCATALOG_COMPILER_APPICON_NAME = AppIcon;
				ASSETCATALOG_COMPILER_GLOBAL_ACCENT_COLOR_NAME = AccentColor;
				CODE_SIGN_STYLE = Automatic;
				DEVELOPMENT_TEAM = 6E66L27LG6;
				INFOPLIST_FILE = "ios13-SeeFood-CoreML/Info.plist";
				LD_RUNPATH_SEARCH_PATHS = (
					"$(inherited)",
					"@executable_path/Frameworks",
				);
				PRODUCT_BUNDLE_IDENTIFIER = "com.samiparken.ios13-SeeFood-CoreML";
				PRODUCT_NAME = "$(TARGET_NAME)";
				SWIFT_VERSION = 5.0;
				TARGETED_DEVICE_FAMILY = 1;
			};
			name = Release;
		};
/* End XCBuildConfiguration section */

/* Begin XCConfigurationList section */
		229CC14126BAC6B70070FB8C /* Build configuration list for PBXProject "ios13-SeeFood-CoreML" */ = {
			isa = XCConfigurationList;
			buildConfigurations = (
				229CC15826BAC6BA0070FB8C /* Debug */,
				229CC15926BAC6BA0070FB8C /* Release */,
			);
			defaultConfigurationIsVisible = 0;
			defaultConfigurationName = Release;
		};
		229CC15A26BAC6BA0070FB8C /* Build configuration list for PBXNativeTarget "ios13-SeeFood-CoreML" */ = {
			isa = XCConfigurationList;
			buildConfigurations = (
				229CC15B26BAC6BA0070FB8C /* Debug */,
				229CC15C26BAC6BA0070FB8C /* Release */,
			);
			defaultConfigurationIsVisible = 0;
			defaultConfigurationName = Release;
		};
/* End XCConfigurationList section */
	};
	rootObject = 229CC13E26BAC6B70070FB8C /* Project object */;
}
